dependencies:
- name: common
  repository: oci://registry-1.docker.io/bitnamicharts
  version: 2.19.2
- name: postgresql
  repository: oci://registry-1.docker.io/bitnamicharts
  version: 15.5.5
- name: redis
  repository: oci://registry-1.docker.io/bitnamicharts
  version: 19.5.3
- name: kafka
  repository: oci://registry-1.docker.io/bitnamicharts
  version: 29.3.1
- name: zookeeper
  repository: oci://registry-1.docker.io/bitnamicharts
  version: 13.4.3
- name: memcached
  repository: oci://registry-1.docker.io/bitnamicharts
  version: 7.4.5
- name: rabbitmq
  repository: oci://registry-1.docker.io/bitnamicharts
  version: 14.4.2
digest: sha256:57abed2c87ac15016824b6543e64952836fc90d12166c3c494ddcd47cfc9a9df
generated: "2024-06-13T16:04:51.781018688-07:00"
