dependencies:
- name: common
  repository: oci://registry-1.docker.io/bitnamicharts
  version: 2.19.2
- name: kafka
  repository: oci://registry-1.docker.io/bitnamicharts
  version: 29.3.1
- name: zookeeper
  repository: oci://registry-1.docker.io/bitnamicharts
  version: 13.4.3
- name: clickhouse
  repository: oci://registry-1.docker.io/bitnamicharts
  version: 6.2.5
digest: sha256:7c5f5a08f9519b076b1c9100ba561fbec35e086a3d3e59495059da16192d322d
generated: "2024-06-13T16:02:23.403239028-07:00"
